<?xml version="1.0" encoding="utf-8"?>
<Project ToolsVersion="4.0" xmlns="http://schemas.microsoft.com/developer/msbuild/2003">
  <ItemGroup>
    <None Include="..\src\makefile" />
  </ItemGroup>
  <ItemGroup>
    <ClCompile Include="..\base.cc" />
    <ClCompile Include="..\codequeue.cc" />
    <ClCompile Include="..\lock.cc" />
    <ClCompile Include="..\objmng.cc" />
    <ClCompile Include="..\queue.cc" />
    <ClCompile Include="..\shm.cc" />
    <ClCompile Include="..\sockstream.cc" />
    <ClCompile Include="..\stringmng.cc" />
    <ClCompile Include="..\tcpconn.cc" />
    <ClCompile Include="..\tcpsocket.cc" />
    <ClCompile Include="..\thread.cc" />
    <ClCompile Include="..\tlib_cfg.cc" />
    <ClCompile Include="..\tlib_log.cc" />
    <ClCompile Include="..\dynamiclibloader.cc" />
  </ItemGroup>
</Project>