<?xml version="1.0" encoding="utf-8"?>
<Project ToolsVersion="4.0" xmlns="http://schemas.microsoft.com/developer/msbuild/2003">
  <ItemGroup>
    <Filter Include="Source Files">
      <UniqueIdentifier>{2544a179-59fa-4fe9-9088-b0bd3c19a891}</UniqueIdentifier>
      <Extensions>cpp;c;cxx;rc;def;r;odl;idl;hpj;bat</Extensions>
    </Filter>
    <Filter Include="Header Files">
      <UniqueIdentifier>{d4bc2854-1e2a-44c0-bb9d-7b1f384f753e}</UniqueIdentifier>
      <Extensions>h;hpp;hxx;hm;inl</Extensions>
    </Filter>
    <Filter Include="Include">
      <UniqueIdentifier>{da56a4fa-ffd4-4576-aed1-76eb7c532cae}</UniqueIdentifier>
    </Filter>
    <Filter Include="Include\interface">
      <UniqueIdentifier>{e2d3d522-52c2-45d4-aa57-87540afe44d6}</UniqueIdentifier>
    </Filter>
  </ItemGroup>
  <ItemGroup>
    <None Include="..\src\makefile" />
    <None Include="logfiledll.def">
      <Filter>Source Files</Filter>
    </None>
  </ItemGroup>
  <ItemGroup>
    <ClInclude Include="logfile.h">
      <Filter>Header Files</Filter>
    </ClInclude>
    <ClInclude Include="..\..\games\include\interface\ilogfile.h">
      <Filter>Include\interface</Filter>
    </ClInclude>
  </ItemGroup>
  <ItemGroup>
    <ClCompile Include="logfile.cpp">
      <Filter>Source Files</Filter>
    </ClCompile>
    <ClCompile Include="logfiledll.cpp">
      <Filter>Source Files</Filter>
    </ClCompile>
  </ItemGroup>
</Project>